<?xml version="1.0" encoding="utf-8"?>
<Project ToolsVersion="4.0" xmlns="http://schemas.microsoft.com/developer/msbuild/2003">
  <ItemGroup>
    <Filter Include="Source Files">
      <UniqueIdentifier>{4FC737F1-C7A5-4376-A066-2A32D752A2FF}</UniqueIdentifier>
      <Extensions>cpp;c;cc;cxx;def;odl;idl;hpj;bat;asm;asmx</Extensions>
    </Filter>
    <Filter Include="Header Files">
      <UniqueIdentifier>{93995380-89BD-4b04-88EB-625FBE52EBFB}</UniqueIdentifier>
      <Extensions>h;hh;hpp;hxx;hm;inl;inc;xsd</Extensions>
    </Filter>
    <Filter Include="Resource Files">
      <UniqueIdentifier>{67DA6AB6-F800-4c08-8B7A-83BB121AAD01}</UniqueIdentifier>
      <Extensions>rc;ico;cur;bmp;dlg;rc2;rct;bin;rgs;gif;jpg;jpeg;jpe;resx;tiff;tif;png;wav;mfcribbon-ms</Extensions>
    </Filter>
    <Filter Include="Header Files\Entity">
      <UniqueIdentifier>{afa33475-83a2-4caf-bfa8-018c0217fe89}</UniqueIdentifier>
    </Filter>
    <Filter Include="Source Files\Entity">
      <UniqueIdentifier>{f96ae2c4-04b1-4986-8fc3-7b828c499a30}</UniqueIdentifier>
    </Filter>
    <Filter Include="Header Files\Components">
      <UniqueIdentifier>{45633af8-b768-4ce1-b2c4-16b90c1079cd}</UniqueIdentifier>
    </Filter>
    <Filter Include="Source Files\Components">
      <UniqueIdentifier>{5066e77a-9793-4997-8aed-25feee118a11}</UniqueIdentifier>
    </Filter>
    <Filter Include="Header Files\Utility">
      <UniqueIdentifier>{06ed2851-981e-485c-a9c1-51d4a730cadf}</UniqueIdentifier>
    </Filter>
    <Filter Include="Source Files\Utility">
      <UniqueIdentifier>{d42b5605-d51a-4618-b1d8-1dfece129f1a}</UniqueIdentifier>
    </Filter>
    <Filter Include="Header Files\Resources">
      <UniqueIdentifier>{47065306-d62a-4aee-bd0d-86c7a4c338a7}</UniqueIdentifier>
    </Filter>
    <Filter Include="Source Files\Resources">
      <UniqueIdentifier>{6b5055f8-5f09-4c25-ae54-5c0dcba3ec7b}</UniqueIdentifier>
    </Filter>
    <Filter Include="Header Files\Window">
      <UniqueIdentifier>{da9c3c58-1697-4a34-946e-15a574faf3f7}</UniqueIdentifier>
    </Filter>
    <Filter Include="Source Files\Window">
      <UniqueIdentifier>{562ff452-4656-4921-9eeb-d8f862c576a3}</UniqueIdentifier>
    </Filter>
    <Filter Include="Header Files\Input">
      <UniqueIdentifier>{24b5d67c-8e5e-4553-9ce2-9b3b0cc9f86f}</UniqueIdentifier>
    </Filter>
    <Filter Include="Source Files\Input">
      <UniqueIdentifier>{23c1ad6d-75d1-402b-aafc-5ea608ddea10}</UniqueIdentifier>
    </Filter>
    <Filter Include="Header Files\Renderer">
      <UniqueIdentifier>{19ced0fb-38b4-4110-90a1-614c002c8ab2}</UniqueIdentifier>
    </Filter>
    <Filter Include="Source Files\Renderer">
      <UniqueIdentifier>{07d7607c-4485-4dbd-b642-15682c94d1df}</UniqueIdentifier>
    </Filter>
    <Filter Include="Header Files\Renderer\IMGUI">
      <UniqueIdentifier>{17c0aa26-5e2f-4a97-89df-18274f872744}</UniqueIdentifier>
    </Filter>
    <Filter Include="Source Files\Renderer\IMGUI">
      <UniqueIdentifier>{90b3c56a-01a5-4820-a2dc-e126482fff24}</UniqueIdentifier>
    </Filter>
    <Filter Include="Source Files\Shader">
      <UniqueIdentifier>{50078d94-2e16-4745-a4b0-d63b283112a5}</UniqueIdentifier>
    </Filter>
    <Filter Include="Header Files\Shader">
      <UniqueIdentifier>{d5750b2f-9e20-4078-8c33-074c086bd531}</UniqueIdentifier>
    </Filter>
    <Filter Include="Header Files\Texture">
      <UniqueIdentifier>{087bf113-300e-4e6d-8651-0c71f323a81e}</UniqueIdentifier>
    </Filter>
    <Filter Include="Source Files\Texture">
      <UniqueIdentifier>{43271fae-46cf-4891-84d4-dd8f5e20916d}</UniqueIdentifier>
    </Filter>
    <Filter Include="Source Files\Mesh">
      <UniqueIdentifier>{033ae016-ccb9-4473-add0-106922a6692d}</UniqueIdentifier>
    </Filter>
    <Filter Include="Source Files\Model">
      <UniqueIdentifier>{8f9aa898-ded9-4221-87ce-8eb325b63995}</UniqueIdentifier>
    </Filter>
    <Filter Include="Header Files\Mesh">
      <UniqueIdentifier>{ab77c61a-658f-4537-8d4e-4d1bd85269ea}</UniqueIdentifier>
    </Filter>
    <Filter Include="Header Files\Model">
      <UniqueIdentifier>{da5eb795-babd-4141-94fe-d24b62e76d87}</UniqueIdentifier>
    </Filter>
    <Filter Include="Header Files\Camera">
      <UniqueIdentifier>{a16203d4-00d7-4c8b-92a6-1f652fbbd18d}</UniqueIdentifier>
    </Filter>
    <Filter Include="Source Files\Camera">
      <UniqueIdentifier>{a695b111-44c1-41a4-a9e2-2b31c49c1648}</UniqueIdentifier>
    </Filter>
    <Filter Include="Header Files\Animation">
      <UniqueIdentifier>{347a0862-325d-49e7-a77f-3cd85187bad4}</UniqueIdentifier>
    </Filter>
    <Filter Include="Header Files\Collision">
      <UniqueIdentifier>{41c288ed-c308-47f7-8b9c-a0b48c165281}</UniqueIdentifier>
    </Filter>
    <Filter Include="Source Files\Animation">
      <UniqueIdentifier>{6ec1af27-537b-4486-8d80-e041bb4e6d70}</UniqueIdentifier>
    </Filter>
    <Filter Include="Source Files\Collision">
      <UniqueIdentifier>{b5db2ea9-9758-402a-9480-e88664e16dd1}</UniqueIdentifier>
    </Filter>
    <Filter Include="Header Files\Material">
      <UniqueIdentifier>{a50db432-70da-481e-a4bf-687aef847b58}</UniqueIdentifier>
    </Filter>
    <Filter Include="Source Files\Material">
      <UniqueIdentifier>{8916de25-44c9-4c04-8472-5987516d2d16}</UniqueIdentifier>
    </Filter>
    <Filter Include="Source Files\Renderer\Vulkan">
      <UniqueIdentifier>{6f25b421-6a31-4429-ba77-cfa500c88f6e}</UniqueIdentifier>
    </Filter>
    <Filter Include="Header Files\Renderer\Vulkan">
      <UniqueIdentifier>{be1225fd-d8c9-4f6e-b92d-afaab2e92183}</UniqueIdentifier>
    </Filter>
    <Filter Include="Header Files\Particle System">
      <UniqueIdentifier>{3e9b5d22-20be-4aea-8f2b-5dbd2597a506}</UniqueIdentifier>
    </Filter>
    <Filter Include="Source Files\Particle System">
      <UniqueIdentifier>{72c914b8-f1dc-4175-b053-5245c2c34cba}</UniqueIdentifier>
    </Filter>
    <Filter Include="Header Files\Application">
      <UniqueIdentifier>{5605a1db-71f8-4726-b102-9cca86068494}</UniqueIdentifier>
    </Filter>
    <Filter Include="Source Files\Application">
      <UniqueIdentifier>{2fc5b332-3f7a-4206-bcaf-41ce78ff7406}</UniqueIdentifier>
    </Filter>
    <Filter Include="Source Files\Scene">
      <UniqueIdentifier>{a75be5ec-6740-4d78-b949-ee36ecbb34f7}</UniqueIdentifier>
    </Filter>
    <Filter Include="Header Files\Scene">
      <UniqueIdentifier>{244fdac5-cf09-45bb-b288-a2c69af45430}</UniqueIdentifier>
    </Filter>
    <Filter Include="Source Files\AssetManagement">
      <UniqueIdentifier>{9a268d5f-6308-4eb7-9934-dfce0acc6731}</UniqueIdentifier>
    </Filter>
    <Filter Include="Header Files\AssetManagement">
      <UniqueIdentifier>{3f226689-0844-4008-885b-a64ed2f6b0f5}</UniqueIdentifier>
    </Filter>
    <Filter Include="Header Files\ThirdParty">
      <UniqueIdentifier>{1f54af23-7002-45e0-b379-0f0bcd223d66}</UniqueIdentifier>
    </Filter>
    <Filter Include="Header Files\ThirdParty\sago">
      <UniqueIdentifier>{0649620d-f842-4e5e-ab60-f9b2d9c8e471}</UniqueIdentifier>
    </Filter>
    <Filter Include="Source Files\ThirdParty">
      <UniqueIdentifier>{fd02943c-2855-4adf-a74c-7d215e78f44a}</UniqueIdentifier>
    </Filter>
    <Filter Include="Source Files\ThirdParty\Sago">
      <UniqueIdentifier>{69630f2d-69a0-4b2e-a605-7cbae2a4d962}</UniqueIdentifier>
    </Filter>
    <Filter Include="Header Files\Api">
      <UniqueIdentifier>{d75b2739-5860-432a-bae1-e6c3db93aac5}</UniqueIdentifier>
    </Filter>
    <Filter Include="Header Files\Engine">
      <UniqueIdentifier>{93861f76-4308-4579-aebe-c5b4b0b32008}</UniqueIdentifier>
    </Filter>
    <Filter Include="Source Files\Engine">
      <UniqueIdentifier>{8453093e-dc98-4f56-8e45-62481b082664}</UniqueIdentifier>
    </Filter>
    <Filter Include="Header Files\CommandLineArguments">
      <UniqueIdentifier>{ef604574-4e64-41af-9685-3dc15de6a4d5}</UniqueIdentifier>
    </Filter>
    <Filter Include="Source Files\CommandLineArguments">
      <UniqueIdentifier>{884409a1-bd00-49a8-86e2-0cde6eefda5e}</UniqueIdentifier>
    </Filter>
    <Filter Include="Header Files\ThirdParty\tinyfiledialogs">
      <UniqueIdentifier>{39484cba-7af2-4164-bcd1-748af0bbb225}</UniqueIdentifier>
    </Filter>
    <Filter Include="Header Files\ThirdParty\tinyfiledialogs\more_dialogs">
      <UniqueIdentifier>{dc3d26ec-bb92-41ad-aa5f-9741b3ebd97e}</UniqueIdentifier>
    </Filter>
    <Filter Include="Source Files\ThirdParty\tinyfiledialogs">
      <UniqueIdentifier>{61cc4514-848e-445e-95bf-0af46df6b825}</UniqueIdentifier>
    </Filter>
    <Filter Include="Header Files\Serialization">
      <UniqueIdentifier>{ad088b50-3d95-4eb8-b26a-cb34c0910641}</UniqueIdentifier>
    </Filter>
  </ItemGroup>
  <ItemGroup>
    <ClInclude Include="Components\Component.hpp">
      <Filter>Header Files\Components</Filter>
    </ClInclude>
    <ClInclude Include="Entity\Entity.hpp">
      <Filter>Header Files\Entity</Filter>
    </ClInclude>
    <ClInclude Include="Entity\EntitySystem.hpp">
      <Filter>Header Files\Entity</Filter>
    </ClInclude>
    <ClInclude Include="Utility\Defines.hpp">
      <Filter>Header Files\Utility</Filter>
    </ClInclude>
    <ClInclude Include="Components\ModelComponent.hpp">
      <Filter>Header Files\Components</Filter>
    </ClInclude>
    <ClInclude Include="Window\Window.hpp">
      <Filter>Header Files\Window</Filter>
    </ClInclude>
    <ClInclude Include="Input\InputManager.hpp">
      <Filter>Header Files\Input</Filter>
    </ClInclude>
    <ClInclude Include="Renderer\imgui_impl_glfw_vulkan.h">
      <Filter>Header Files\Renderer</Filter>
    </ClInclude>
    <ClInclude Include="Renderer\IMGUI\imconfig.h">
      <Filter>Header Files\Renderer\IMGUI</Filter>
    </ClInclude>
    <ClInclude Include="Renderer\IMGUI\imgui.h">
      <Filter>Header Files\Renderer\IMGUI</Filter>
    </ClInclude>
    <ClInclude Include="Renderer\IMGUI\imgui_internal.h">
      <Filter>Header Files\Renderer\IMGUI</Filter>
    </ClInclude>
    <ClInclude Include="Renderer\IMGUI\stb_rect_pack.h">
      <Filter>Header Files\Renderer\IMGUI</Filter>
    </ClInclude>
    <ClInclude Include="Renderer\IMGUI\stb_textedit.h">
      <Filter>Header Files\Renderer\IMGUI</Filter>
    </ClInclude>
    <ClInclude Include="Renderer\IMGUI\stb_truetype.h">
      <Filter>Header Files\Renderer\IMGUI</Filter>
    </ClInclude>
    <ClInclude Include="Window\VulkanWindow.hpp">
      <Filter>Header Files\Window</Filter>
    </ClInclude>
    <ClInclude Include="Renderer\Renderer.hpp">
      <Filter>Header Files\Renderer</Filter>
    </ClInclude>
    <ClInclude Include="Renderer\VulkanRenderer.hpp">
      <Filter>Header Files\Renderer</Filter>
    </ClInclude>
    <ClInclude Include="Components\TransformComponent.hpp">
      <Filter>Header Files\Components</Filter>
    </ClInclude>
    <ClInclude Include="Shader\Shader.hpp">
      <Filter>Header Files\Shader</Filter>
    </ClInclude>
    <ClInclude Include="Shader\OpenGLShader.hpp">
      <Filter>Header Files\Shader</Filter>
    </ClInclude>
    <ClInclude Include="Texture\Texture.hpp">
      <Filter>Header Files\Texture</Filter>
    </ClInclude>
    <ClInclude Include="Texture\OpenGLTexture.hpp">
      <Filter>Header Files\Texture</Filter>
    </ClInclude>
    <ClInclude Include="Window\OpenGLWindow.hpp">
      <Filter>Header Files\Window</Filter>
    </ClInclude>
    <ClInclude Include="Renderer\OpenGLRenderer.hpp">
      <Filter>Header Files\Renderer</Filter>
    </ClInclude>
    <ClInclude Include="Mesh\OpenGLMesh.hpp">
      <Filter>Header Files\Mesh</Filter>
    </ClInclude>
    <ClInclude Include="Utility\Event.hpp">
      <Filter>Header Files\Utility</Filter>
    </ClInclude>
    <ClInclude Include="Camera\Frustum.hpp">
      <Filter>Header Files\Camera</Filter>
    </ClInclude>
    <ClInclude Include="Mesh\VulkanMesh.hpp">
      <Filter>Header Files\Mesh</Filter>
    </ClInclude>
    <ClInclude Include="Texture\VulkanTexture.hpp">
      <Filter>Header Files\Texture</Filter>
    </ClInclude>
    <ClInclude Include="Utility\Time.hpp">
      <Filter>Header Files\Utility</Filter>
    </ClInclude>
    <ClInclude Include="Renderer\imgui_impl_glfw_gl3.h">
      <Filter>Header Files\Renderer</Filter>
    </ClInclude>
    <ClInclude Include="Animation\Skeleton.hpp">
      <Filter>Header Files\Animation</Filter>
    </ClInclude>
    <ClInclude Include="Collision\CollisionSystem.hpp">
      <Filter>Header Files\Collision</Filter>
    </ClInclude>
    <ClInclude Include="Collision\CollisionTypes.hpp">
      <Filter>Header Files\Collision</Filter>
    </ClInclude>
    <ClInclude Include="Components\AnimationComponent.hpp">
      <Filter>Header Files\Components</Filter>
    </ClInclude>
    <ClInclude Include="Components\CollisionComponent.hpp">
      <Filter>Header Files\Components</Filter>
    </ClInclude>
    <ClInclude Include="Components\LightComponent.hpp">
      <Filter>Header Files\Components</Filter>
    </ClInclude>
    <ClInclude Include="Model\Model.hpp">
      <Filter>Header Files\Model</Filter>
    </ClInclude>
    <ClInclude Include="Material\Material.hpp">
      <Filter>Header Files\Material</Filter>
    </ClInclude>
    <ClInclude Include="Material\VulkanMaterial.hpp">
      <Filter>Header Files\Material</Filter>
    </ClInclude>
    <ClInclude Include="Renderer\Vulkan\vk_mem_alloc.h">
      <Filter>Header Files\Renderer\Vulkan</Filter>
    </ClInclude>
    <ClInclude Include="Renderer\Vulkan\VulkanBuffer.hpp">
      <Filter>Header Files\Renderer\Vulkan</Filter>
    </ClInclude>
    <ClInclude Include="Renderer\Vulkan\VulkanComputePipeline.hpp">
      <Filter>Header Files\Renderer\Vulkan</Filter>
    </ClInclude>
    <ClInclude Include="Renderer\Vulkan\VulkanDebugRenderer.hpp">
      <Filter>Header Files\Renderer\Vulkan</Filter>
    </ClInclude>
    <ClInclude Include="Renderer\Vulkan\VulkanDescriptorPool.hpp">
      <Filter>Header Files\Renderer\Vulkan</Filter>
    </ClInclude>
    <ClInclude Include="Renderer\Vulkan\VulkanInstance.hpp">
      <Filter>Header Files\Renderer\Vulkan</Filter>
    </ClInclude>
    <ClInclude Include="Renderer\Vulkan\VulkanLogicalDevice.hpp">
      <Filter>Header Files\Renderer\Vulkan</Filter>
    </ClInclude>
    <ClInclude Include="Renderer\Vulkan\VulkanPhysicalDevice.hpp">
      <Filter>Header Files\Renderer\Vulkan</Filter>
    </ClInclude>
    <ClInclude Include="Renderer\Vulkan\VulkanPipeline.hpp">
      <Filter>Header Files\Renderer\Vulkan</Filter>
    </ClInclude>
    <ClInclude Include="Renderer\Vulkan\VulkanSkeletalMeshRenderer.hpp">
      <Filter>Header Files\Renderer\Vulkan</Filter>
    </ClInclude>
    <ClInclude Include="Renderer\Vulkan\VulkanSpriteRenderer.hpp">
      <Filter>Header Files\Renderer\Vulkan</Filter>
    </ClInclude>
    <ClInclude Include="Renderer\Vulkan\VulkanStaticMeshRenderer.hpp">
      <Filter>Header Files\Renderer\Vulkan</Filter>
    </ClInclude>
    <ClInclude Include="Mesh\Mesh.hpp">
      <Filter>Header Files\Mesh</Filter>
    </ClInclude>
    <ClInclude Include="Particle System\Emitter.hpp">
      <Filter>Header Files\Particle System</Filter>
    </ClInclude>
    <ClInclude Include="Particle System\Particle.hpp">
      <Filter>Header Files\Particle System</Filter>
    </ClInclude>
    <ClInclude Include="Particle System\VulkanEmitter.hpp">
      <Filter>Header Files\Particle System</Filter>
    </ClInclude>
    <ClInclude Include="Resources\ResourceManager.hpp">
      <Filter>Header Files\Resources</Filter>
    </ClInclude>
    <ClInclude Include="Utility\Light.hpp">
      <Filter>Header Files\Utility</Filter>
    </ClInclude>
    <ClInclude Include="Utility\Logging.hpp">
      <Filter>Header Files\Utility</Filter>
    </ClInclude>
    <ClInclude Include="Utility\Random.hpp">
      <Filter>Header Files\Utility</Filter>
    </ClInclude>
    <ClInclude Include="Utility\Vertex.hpp">
      <Filter>Header Files\Utility</Filter>
    </ClInclude>
    <ClInclude Include="Components\RenderComponent.hpp">
      <Filter>Header Files\Components</Filter>
    </ClInclude>
    <ClInclude Include="Camera\CameraManager.hpp">
      <Filter>Header Files\Camera</Filter>
    </ClInclude>
    <ClInclude Include="Application\Application.hpp">
      <Filter>Header Files\Application</Filter>
    </ClInclude>
    <ClInclude Include="Scene\Scene.hpp">
      <Filter>Header Files\Scene</Filter>
    </ClInclude>
    <ClInclude Include="Scene\SceneManager.hpp">
      <Filter>Header Files\Scene</Filter>
    </ClInclude>
    <ClInclude Include="AssetManagement\AssetManager.hpp">
      <Filter>Header Files\AssetManagement</Filter>
    </ClInclude>
    <ClInclude Include="AssetManagement\Asset.hpp">
      <Filter>Header Files\AssetManagement</Filter>
    </ClInclude>
    <ClInclude Include="Renderer\OpenGLUtility.hpp">
      <Filter>Header Files\Renderer</Filter>
    </ClInclude>
    <ClInclude Include="AssetManagement\EngineAssetManager.hpp">
      <Filter>Header Files\AssetManagement</Filter>
    </ClInclude>
    <ClInclude Include="ThirdParty\sago\PlatformFolders.hpp">
      <Filter>Header Files\ThirdParty\sago</Filter>
    </ClInclude>
    <ClInclude Include="Api\Api.hpp">
      <Filter>Header Files\Api</Filter>
    </ClInclude>
    <ClInclude Include="Engine\Engine.hpp">
      <Filter>Header Files\Engine</Filter>
    </ClInclude>
    <ClInclude Include="Animation\Animation.hpp">
      <Filter>Header Files\Animation</Filter>
    </ClInclude>
    <ClInclude Include="CommandLineArguments\CommandLineArgumentsManager.hpp">
      <Filter>Header Files\CommandLineArguments</Filter>
    </ClInclude>
    <ClInclude Include="Engine\EngineImGui.hpp">
      <Filter>Header Files\Engine</Filter>
    </ClInclude>
    <ClInclude Include="ThirdParty\tinyfiledialogs\tinyfiledialogs.h">
      <Filter>Header Files\ThirdParty\tinyfiledialogs</Filter>
    </ClInclude>
    <ClInclude Include="ThirdParty\tinyfiledialogs\more_dialogs\tinyfd_moredialogs.h">
      <Filter>Header Files\ThirdParty\tinyfiledialogs\more_dialogs</Filter>
    </ClInclude>
    <ClInclude Include="AssetManagement\AssetImporter.hpp">
      <Filter>Header Files\AssetManagement</Filter>
    </ClInclude>
    <ClInclude Include="AssetManagement\MeshAssetImporter.hpp">
      <Filter>Header Files\AssetManagement</Filter>
    </ClInclude>
    <ClInclude Include="AssetManagement\AssetRegistry.hpp">
      <Filter>Header Files\AssetManagement</Filter>
    </ClInclude>
    <ClInclude Include="AssetManagement\ModelImporter.hpp">
      <Filter>Header Files\AssetManagement</Filter>
    </ClInclude>
    <ClInclude Include="GlmSerializationHelper.hpp">
      <Filter>Header Files\Serialization</Filter>
    </ClInclude>
    <ClInclude Include="Components\CameraComponent.hpp">
      <Filter>Header Files\Components</Filter>
    </ClInclude>
  </ItemGroup>
  <ItemGroup>
    <ClCompile Include="Entity\Entity.cpp">
      <Filter>Source Files\Entity</Filter>
    </ClCompile>
    <ClCompile Include="Components\Component.cpp">
      <Filter>Source Files\Components</Filter>
    </ClCompile>
    <ClCompile Include="Entity\EntitySystem.cpp">
      <Filter>Source Files\Entity</Filter>
    </ClCompile>
    <ClCompile Include="Components\ModelComponent.cpp">
      <Filter>Source Files\Components</Filter>
    </ClCompile>
    <ClCompile Include="Window\Window.cpp">
      <Filter>Source Files\Window</Filter>
    </ClCompile>
    <ClCompile Include="Input\InputManager.cpp">
      <Filter>Source Files\Input</Filter>
    </ClCompile>
    <ClCompile Include="Renderer\imgui_impl_glfw_vulkan.cpp">
      <Filter>Source Files\Renderer</Filter>
    </ClCompile>
    <ClCompile Include="Renderer\IMGUI\imgui.cpp">
      <Filter>Source Files\Renderer\IMGUI</Filter>
    </ClCompile>
    <ClCompile Include="Renderer\IMGUI\imgui_demo.cpp">
      <Filter>Source Files\Renderer\IMGUI</Filter>
    </ClCompile>
    <ClCompile Include="Renderer\IMGUI\imgui_draw.cpp">
      <Filter>Source Files\Renderer\IMGUI</Filter>
    </ClCompile>
    <ClCompile Include="Window\VulkanWindow.cpp">
      <Filter>Source Files\Window</Filter>
    </ClCompile>
    <ClCompile Include="Renderer\Renderer.cpp">
      <Filter>Source Files\Renderer</Filter>
    </ClCompile>
    <ClCompile Include="Renderer\VulkanRenderer.cpp">
      <Filter>Source Files\Renderer</Filter>
    </ClCompile>
    <ClCompile Include="Components\TransformComponent.cpp">
      <Filter>Source Files\Components</Filter>
    </ClCompile>
    <ClCompile Include="Shader\Shader.cpp">
      <Filter>Source Files\Shader</Filter>
    </ClCompile>
    <ClCompile Include="Shader\OpenGLShader.cpp">
      <Filter>Source Files\Shader</Filter>
    </ClCompile>
    <ClCompile Include="Texture\Texture.cpp">
      <Filter>Source Files\Texture</Filter>
    </ClCompile>
    <ClCompile Include="Texture\OpenGLTexture.cpp">
      <Filter>Source Files\Texture</Filter>
    </ClCompile>
    <ClCompile Include="Window\OpenGLWindow.cpp">
      <Filter>Source Files\Window</Filter>
    </ClCompile>
    <ClCompile Include="Renderer\OpenGLRenderer.cpp">
      <Filter>Source Files\Renderer</Filter>
    </ClCompile>
    <ClCompile Include="Model\Model.cpp">
      <Filter>Source Files\Model</Filter>
    </ClCompile>
    <ClCompile Include="Mesh\Mesh.cpp">
      <Filter>Source Files\Mesh</Filter>
    </ClCompile>
    <ClCompile Include="Mesh\OpenGLMesh.cpp">
      <Filter>Source Files\Mesh</Filter>
    </ClCompile>
    <ClCompile Include="Camera\Frustum.cpp">
      <Filter>Source Files\Camera</Filter>
    </ClCompile>
    <ClCompile Include="Mesh\VulkanMesh.cpp">
      <Filter>Source Files\Mesh</Filter>
    </ClCompile>
    <ClCompile Include="Texture\VulkanTexture.cpp">
      <Filter>Source Files\Texture</Filter>
    </ClCompile>
    <ClCompile Include="Utility\Time.cpp">
      <Filter>Source Files\Utility</Filter>
    </ClCompile>
    <ClCompile Include="Renderer\imgui_impl_glfw_gl3.cpp">
      <Filter>Source Files\Renderer</Filter>
    </ClCompile>
    <ClCompile Include="Animation\Skeleton.cpp">
      <Filter>Source Files\Animation</Filter>
    </ClCompile>
    <ClCompile Include="Collision\CollisionSystem.cpp">
      <Filter>Source Files\Collision</Filter>
    </ClCompile>
    <ClCompile Include="Components\AnimationComponent.cpp">
      <Filter>Source Files\Components</Filter>
    </ClCompile>
    <ClCompile Include="Components\CollisionComponent.cpp">
      <Filter>Source Files\Components</Filter>
    </ClCompile>
    <ClCompile Include="Components\LightComponent.cpp">
      <Filter>Source Files\Components</Filter>
    </ClCompile>
    <ClCompile Include="Material\Material.cpp">
      <Filter>Source Files\Material</Filter>
    </ClCompile>
    <ClCompile Include="Material\VulkanMaterial.cpp">
      <Filter>Source Files\Material</Filter>
    </ClCompile>
    <ClCompile Include="Renderer\Vulkan\VulkanBuffer.cpp">
      <Filter>Source Files\Renderer\Vulkan</Filter>
    </ClCompile>
    <ClCompile Include="Renderer\Vulkan\VulkanComputePipeline.cpp">
      <Filter>Source Files\Renderer\Vulkan</Filter>
    </ClCompile>
    <ClCompile Include="Renderer\Vulkan\VulkanDebugRenderer.cpp">
      <Filter>Source Files\Renderer\Vulkan</Filter>
    </ClCompile>
    <ClCompile Include="Renderer\Vulkan\VulkanDescriptorPool.cpp">
      <Filter>Source Files\Renderer\Vulkan</Filter>
    </ClCompile>
    <ClCompile Include="Renderer\Vulkan\VulkanInstance.cpp">
      <Filter>Source Files\Renderer\Vulkan</Filter>
    </ClCompile>
    <ClCompile Include="Renderer\Vulkan\VulkanLogicalDevice.cpp">
      <Filter>Source Files\Renderer\Vulkan</Filter>
    </ClCompile>
    <ClCompile Include="Renderer\Vulkan\VulkanPhysicalDevice.cpp">
      <Filter>Source Files\Renderer\Vulkan</Filter>
    </ClCompile>
    <ClCompile Include="Renderer\Vulkan\VulkanPipeline.cpp">
      <Filter>Source Files\Renderer\Vulkan</Filter>
    </ClCompile>
    <ClCompile Include="Renderer\Vulkan\VulkanSkeletalMeshRenderer.cpp">
      <Filter>Source Files\Renderer\Vulkan</Filter>
    </ClCompile>
    <ClCompile Include="Renderer\Vulkan\VulkanSpriteRenderer.cpp">
      <Filter>Source Files\Renderer\Vulkan</Filter>
    </ClCompile>
    <ClCompile Include="Renderer\Vulkan\VulkanStaticMeshRenderer.cpp">
      <Filter>Source Files\Renderer\Vulkan</Filter>
    </ClCompile>
    <ClCompile Include="Particle System\Emitter.cpp">
      <Filter>Source Files\Particle System</Filter>
    </ClCompile>
    <ClCompile Include="Particle System\Particle.cpp">
      <Filter>Source Files\Particle System</Filter>
    </ClCompile>
    <ClCompile Include="Particle System\VulkanEmitter.cpp">
      <Filter>Source Files\Particle System</Filter>
    </ClCompile>
    <ClCompile Include="Resources\ResourceManager.cpp">
      <Filter>Source Files\Resources</Filter>
    </ClCompile>
    <ClCompile Include="Utility\Random.cpp">
      <Filter>Source Files\Utility</Filter>
    </ClCompile>
    <ClCompile Include="Utility\Logging.cpp">
      <Filter>Source Files\Utility</Filter>
    </ClCompile>
    <ClCompile Include="Components\RenderComponent.cpp">
      <Filter>Source Files\Components</Filter>
    </ClCompile>
    <ClCompile Include="Camera\CameraManager.cpp">
      <Filter>Source Files\Camera</Filter>
    </ClCompile>
    <ClCompile Include="Application\Application.cpp">
      <Filter>Source Files\Application</Filter>
    </ClCompile>
    <ClCompile Include="Animation\Animation.cpp">
      <Filter>Source Files\Animation</Filter>
    </ClCompile>
    <ClCompile Include="main.cpp">
      <Filter>Source Files</Filter>
    </ClCompile>
    <ClCompile Include="Scene\SceneManager.cpp">
      <Filter>Source Files\Scene</Filter>
    </ClCompile>
    <ClCompile Include="Scene\Scene.cpp">
      <Filter>Source Files\Scene</Filter>
    </ClCompile>
    <ClCompile Include="AssetManagement\AssetManager.cpp">
      <Filter>Source Files\AssetManagement</Filter>
    </ClCompile>
    <ClCompile Include="AssetManagement\Asset.cpp">
      <Filter>Source Files\AssetManagement</Filter>
    </ClCompile>
    <ClCompile Include="AssetManagement\EngineAssetManager.cpp">
      <Filter>Source Files\AssetManagement</Filter>
    </ClCompile>
    <ClCompile Include="ThirdParty\sago\Platformfolders.cpp">
      <Filter>Source Files\ThirdParty\Sago</Filter>
    </ClCompile>
    <ClCompile Include="Engine\Engine.cpp">
      <Filter>Source Files\Engine</Filter>
    </ClCompile>
    <ClCompile Include="CommandLineArguments\CommandLineArgumentsManager.cpp">
      <Filter>Source Files\CommandLineArguments</Filter>
    </ClCompile>
    <ClCompile Include="Engine\EngineImGui.cpp">
      <Filter>Source Files\Engine</Filter>
    </ClCompile>
    <ClCompile Include="ThirdParty\tinyfiledialogs\tinyfiledialogs.c">
      <Filter>Source Files\ThirdParty\tinyfiledialogs</Filter>
    </ClCompile>
    <ClCompile Include="MeshAssetImporter.cpp">
      <Filter>Source Files\AssetManagement</Filter>
    </ClCompile>
    <ClCompile Include="ModelImporter.cpp">
      <Filter>Source Files\AssetManagement</Filter>
    </ClCompile>
    <ClCompile Include="AssetManagement\AssetRegistry.cpp">
      <Filter>Source Files\AssetManagement</Filter>
    </ClCompile>
    <ClCompile Include="Components\CameraComponent.cpp">
      <Filter>Source Files\Components</Filter>
    </ClCompile>
  </ItemGroup>
</Project>